
Microsoft Visual Studio Solution File, Format Version 12.00
# Visual Studio Version 16
VisualStudioVersion = 16.0.31019.35
MinimumVisualStudioVersion = 10.0.40219.1
Project("{FAE04EC0-301F-11D3-BF4B-00C04F79EFBC}") = "PluginRegistrationUsingXml", "PluginRegistrationUsingXml.csproj", "{C1022E1D-EBDF-483B-9F30-83DF4BDDA723}"
EndProject
Global
	GlobalSection(SolutionConfigurationPlatforms) = preSolution
		Debug|Any CPU = Debug|Any CPU
		Release|Any CPU = Release|Any CPU
	EndGlobalSection
	GlobalSection(ProjectConfigurationPlatforms) = postSolution
		{C1022E1D-EBDF-483B-9F30-83DF4BDDA723}.Debug|Any CPU.ActiveCfg = Debug|Any CPU
		{C1022E1D-EBDF-483B-9F30-83DF4BDDA723}.Debug|Any CPU.Build.0 = Debug|Any CPU
		{C1022E1D-EBDF-483B-9F30-83DF4BDDA723}.Release|Any CPU.ActiveCfg = Release|Any CPU
		{C1022E1D-EBDF-483B-9F30-83DF4BDDA723}.Release|Any CPU.Build.0 = Release|Any CPU
	EndGlobalSection
	GlobalSection(SolutionProperties) = preSolution
		HideSolutionNode = FALSE
	EndGlobalSection
	GlobalSection(ExtensibilityGlobals) = postSolution
		SolutionGuid = {687D2201-0E1F-4A55-A53C-CDCCF528D512}
	EndGlobalSection
EndGlobal
